<?xml version="1.0" encoding="utf-8"?>
<Project ToolsVersion="4.0" xmlns="http://schemas.microsoft.com/developer/msbuild/2003">
  <ItemGroup>
    <Filter Include="Source Files">
      <UniqueIdentifier>{4FC737F1-C7A5-4376-A066-2A32D752A2FF}</UniqueIdentifier>
      <Extensions>cpp;c;cc;cxx;def;odl;idl;hpj;bat;asm;asmx</Extensions>
    </Filter>
    <Filter Include="Header Files">
      <UniqueIdentifier>{93995380-89BD-4b04-88EB-625FBE52EBFB}</UniqueIdentifier>
      <Extensions>h;hh;hpp;hxx;hm;inl;inc;xsd</Extensions>
    </Filter>
    <Filter Include="Resource Files">
      <UniqueIdentifier>{D9D6E242-F8AF-46E4-B9FD-80ECBC20BA3E}</UniqueIdentifier>
      <Extensions>qrc;*</Extensions>
      <ParseFiles>false</ParseFiles>
    </Filter>
    <Filter Include="Resource Files">
      <UniqueIdentifier>{D9D6E242-F8AF-46E4-B9FD-80ECBC20BA3E}</UniqueIdentifier>
      <Extensions>qrc;*</Extensions>
      <ParseFiles>false</ParseFiles>
    </Filter>
    <Filter Include="Generated Files">
      <UniqueIdentifier>{71ED8ED8-ACB9-4CE9-BBE1-E00B30144E11}</UniqueIdentifier>
      <Extensions>moc;h;cpp</Extensions>
      <SourceControlFiles>False</SourceControlFiles>
    </Filter>
    <Filter Include="Generated Files\Debug">
      <UniqueIdentifier>{e550b683-d52f-4751-beb4-b32e1febffc9}</UniqueIdentifier>
      <Extensions>cpp;moc</Extensions>
      <SourceControlFiles>False</SourceControlFiles>
    </Filter>
    <Filter Include="Generated Files\Release">
      <UniqueIdentifier>{ef798fd5-45ae-4385-baa3-db30de7d7c01}</UniqueIdentifier>
      <Extensions>cpp;moc</Extensions>
      <SourceControlFiles>False</SourceControlFiles>
    </Filter>
    <Filter Include="Header Files\Tab1">
      <UniqueIdentifier>{533323b7-16bb-48fb-b8ed-5c937bc2ca36}</UniqueIdentifier>
    </Filter>
    <Filter Include="Source Files\Tab1">
      <UniqueIdentifier>{c7dd8ded-9f79-4102-8b8c-f499255a4715}</UniqueIdentifier>
    </Filter>
    <Filter Include="Source Files\Tab1\NavigationBar">
      <UniqueIdentifier>{8c962439-1ade-4a96-8d22-c1e25879a6c7}</UniqueIdentifier>
    </Filter>
    <Filter Include="Header Files\Tab1\NavigationBar">
      <UniqueIdentifier>{3e541d6e-d48f-4761-a587-15d7c6fa7879}</UniqueIdentifier>
    </Filter>
    <Filter Include="Header Files\Tab1\ImageFrame">
      <UniqueIdentifier>{70c3fa13-5897-4ff2-9d83-6fce66330910}</UniqueIdentifier>
    </Filter>
    <Filter Include="Source Files\Tab1\ImageFrame">
      <UniqueIdentifier>{f053ccb8-ead9-444e-a8cb-218bb2066984}</UniqueIdentifier>
    </Filter>
    <Filter Include="Header Files\Tab2">
      <UniqueIdentifier>{451663df-f676-4d93-ad5f-1561985e6c83}</UniqueIdentifier>
    </Filter>
    <Filter Include="Source Files\Tab2">
      <UniqueIdentifier>{798fe4fb-7122-4a28-acf7-8a1a9b0686a9}</UniqueIdentifier>
    </Filter>
    <Filter Include="Header Files\Tab2\SettingsWidget">
      <UniqueIdentifier>{fc9848ef-88bd-4b10-8204-328c601cf045}</UniqueIdentifier>
    </Filter>
    <Filter Include="Source Files\Tab2\SettingsWidget">
      <UniqueIdentifier>{96bc0700-7ac2-4518-97b1-a12bcbb2cb09}</UniqueIdentifier>
    </Filter>
    <Filter Include="Header Files\Tab3">
      <UniqueIdentifier>{5827bb15-1c6b-4610-bf31-66a64b1cd8fe}</UniqueIdentifier>
    </Filter>
    <Filter Include="Source Files\Tab3">
      <UniqueIdentifier>{892457c3-2254-4c07-a590-1756040d1bbc}</UniqueIdentifier>
    </Filter>
  </ItemGroup>
  <ItemGroup>
    <ClCompile Include="main.cpp">
      <Filter>Source Files</Filter>
    </ClCompile>
    <ClCompile Include="FotonMainWindow.cpp">
      <Filter>Source Files</Filter>
    </ClCompile>
    <ClCompile Include="GeneratedFiles\Debug\moc_FotonMainWindow.cpp">
      <Filter>Generated Files\Debug</Filter>
    </ClCompile>
    <ClCompile Include="GeneratedFiles\Release\moc_FotonMainWindow.cpp">
      <Filter>Generated Files\Release</Filter>
    </ClCompile>
    <ClCompile Include="GeneratedFiles\qrc_FotonMainWindow.cpp">
      <Filter>Generated Files</Filter>
    </ClCompile>
    <ClCompile Include="GeneratedFiles\Debug\moc_Tab1.cpp">
      <Filter>Generated Files\Debug</Filter>
    </ClCompile>
    <ClCompile Include="GeneratedFiles\Release\moc_Tab1.cpp">
      <Filter>Generated Files\Release</Filter>
    </ClCompile>
    <ClCompile Include="Tab1.cpp">
      <Filter>Source Files\Tab1</Filter>
    </ClCompile>
    <ClCompile Include="QCameraFrame.cpp">
      <Filter>Source Files\Tab1\ImageFrame</Filter>
    </ClCompile>
    <ClCompile Include="Tab2.cpp">
      <Filter>Source Files\Tab2</Filter>
    </ClCompile>
    <ClCompile Include="GeneratedFiles\Debug\moc_Tab2.cpp">
      <Filter>Generated Files\Debug</Filter>
    </ClCompile>
    <ClCompile Include="GeneratedFiles\Release\moc_Tab2.cpp">
      <Filter>Generated Files\Release</Filter>
    </ClCompile>
    <ClCompile Include="GeneratedFiles\Debug\moc_SettingsWidget.cpp">
      <Filter>Generated Files\Debug</Filter>
    </ClCompile>
    <ClCompile Include="LegendWidget.cpp">
      <Filter>Source Files\Tab2</Filter>
    </ClCompile>
    <ClCompile Include="GeneratedFiles\Debug\moc_LegendWidget.cpp">
      <Filter>Generated Files\Debug</Filter>
    </ClCompile>
    <ClCompile Include="GeneratedFiles\Release\moc_LegendWidget.cpp">
      <Filter>Generated Files\Release</Filter>
    </ClCompile>
    <ClCompile Include="GeneratedFiles\Release\moc_SettingsWidget.cpp">
      <Filter>Generated Files\Release</Filter>
    </ClCompile>
    <ClCompile Include="SettingsWidget.cpp">
      <Filter>Source Files\Tab2\SettingsWidget</Filter>
    </ClCompile>
    <ClCompile Include="GroupSizeOfPlate.cpp">
      <Filter>Source Files\Tab2\SettingsWidget</Filter>
    </ClCompile>
    <ClCompile Include="GeneratedFiles\Debug\moc_GroupSizeOfPlate.cpp">
      <Filter>Generated Files\Debug</Filter>
    </ClCompile>
    <ClCompile Include="GeneratedFiles\Release\moc_GroupSizeOfPlate.cpp">
      <Filter>Generated Files\Release</Filter>
    </ClCompile>
    <ClCompile Include="GroupSizeOfCrystal.cpp">
      <Filter>Source Files\Tab2\SettingsWidget</Filter>
    </ClCompile>
    <ClCompile Include="GeneratedFiles\Debug\moc_GroupSizeOfCrystal.cpp">
      <Filter>Generated Files\Debug</Filter>
    </ClCompile>
    <ClCompile Include="GeneratedFiles\Release\moc_GroupSizeOfCrystal.cpp">
      <Filter>Generated Files\Release</Filter>
    </ClCompile>
    <ClCompile Include="OffsetGroup.cpp">
      <Filter>Source Files\Tab2\SettingsWidget</Filter>
    </ClCompile>
    <ClCompile Include="GeneratedFiles\Debug\moc_OffsetGroup.cpp">
      <Filter>Generated Files\Debug</Filter>
    </ClCompile>
    <ClCompile Include="GeneratedFiles\Release\moc_OffsetGroup.cpp">
      <Filter>Generated Files\Release</Filter>
    </ClCompile>
    <ClCompile Include="Tab3.cpp">
      <Filter>Source Files\Tab3</Filter>
    </ClCompile>
    <ClCompile Include="GeneratedFiles\Debug\moc_Tab3.cpp">
      <Filter>Generated Files\Debug</Filter>
    </ClCompile>
    <ClCompile Include="GeneratedFiles\Release\moc_Tab3.cpp">
      <Filter>Generated Files\Release</Filter>
    </ClCompile>
    <ClCompile Include="GeneratedFiles\Debug\moc_ElseSettings.cpp">
      <Filter>Generated Files\Debug</Filter>
    </ClCompile>
    <ClCompile Include="GeneratedFiles\Release\moc_ElseSettings.cpp">
      <Filter>Generated Files\Release</Filter>
    </ClCompile>
    <ClCompile Include="GeneratedFiles\Debug\moc_CameraSettings.cpp">
      <Filter>Generated Files\Debug</Filter>
    </ClCompile>
    <ClCompile Include="GeneratedFiles\Release\moc_CameraSettings.cpp">
      <Filter>Generated Files\Release</Filter>
    </ClCompile>
    <ClCompile Include="GeneratedFiles\Debug\moc_TableSettings.cpp">
      <Filter>Generated Files\Debug</Filter>
    </ClCompile>
    <ClCompile Include="GeneratedFiles\Release\moc_TableSettings.cpp">
      <Filter>Generated Files\Release</Filter>
    </ClCompile>
    <ClCompile Include="TableSettings.cpp">
      <Filter>Source Files\Tab3</Filter>
    </ClCompile>
    <ClCompile Include="ElseSettings.cpp">
      <Filter>Source Files\Tab3</Filter>
    </ClCompile>
    <ClCompile Include="CameraSettings.cpp">
      <Filter>Source Files\Tab3</Filter>
    </ClCompile>
    <ClCompile Include="SimpleWidget.cpp">
      <Filter>Source Files\Tab2</Filter>
    </ClCompile>
    <ClCompile Include="GeneratedFiles\Debug\moc_SimpleWidget.cpp">
      <Filter>Generated Files\Debug</Filter>
    </ClCompile>
    <ClCompile Include="GeneratedFiles\Release\moc_SimpleWidget.cpp">
      <Filter>Generated Files\Release</Filter>
    </ClCompile>
    <ClCompile Include="navigationbar.cpp">
      <Filter>Source Files\Tab1\NavigationBar</Filter>
    </ClCompile>
    <ClCompile Include="GeneratedFiles\Debug\moc_navigationbar.cpp">
      <Filter>Generated Files\Debug</Filter>
    </ClCompile>
    <ClCompile Include="GeneratedFiles\Release\moc_navigationbar.cpp">
      <Filter>Generated Files\Release</Filter>
    </ClCompile>
    <ClCompile Include="LoadDll.cpp">
      <Filter>Source Files</Filter>
    </ClCompile>
    <ClCompile Include="MenuWidget.cpp">
      <Filter>Source Files\Tab1\NavigationBar</Filter>
    </ClCompile>
    <ClCompile Include="GeneratedFiles\Debug\moc_MenuWidget.cpp">
      <Filter>Generated Files\Debug</Filter>
    </ClCompile>
    <ClCompile Include="GeneratedFiles\Release\moc_MenuWidget.cpp">
      <Filter>Generated Files\Release</Filter>
    </ClCompile>
  </ItemGroup>
  <ItemGroup>
    <CustomBuild Include="FotonMainWindow.h">
      <Filter>Header Files</Filter>
    </CustomBuild>
    <CustomBuild Include="FotonMainWindow.qrc">
      <Filter>Resource Files</Filter>
    </CustomBuild>
    <CustomBuild Include="Tab1.h">
      <Filter>Header Files\Tab1</Filter>
    </CustomBuild>
    <CustomBuild Include="Tab2.h">
      <Filter>Header Files\Tab2</Filter>
    </CustomBuild>
    <CustomBuild Include="LegendWidget.h">
      <Filter>Header Files\Tab2</Filter>
    </CustomBuild>
    <CustomBuild Include="SettingsWidget.h">
      <Filter>Header Files\Tab2\SettingsWidget</Filter>
    </CustomBuild>
    <CustomBuild Include="GroupSizeOfPlate.h">
      <Filter>Header Files\Tab2\SettingsWidget</Filter>
    </CustomBuild>
    <CustomBuild Include="GroupSizeOfCrystal.h">
      <Filter>Header Files\Tab2\SettingsWidget</Filter>
    </CustomBuild>
    <CustomBuild Include="OffsetGroup.h">
      <Filter>Header Files\Tab2\SettingsWidget</Filter>
    </CustomBuild>
    <CustomBuild Include="Tab3.h">
      <Filter>Header Files\Tab3</Filter>
    </CustomBuild>
    <CustomBuild Include="CameraSettings.h">
      <Filter>Header Files\Tab3</Filter>
    </CustomBuild>
    <CustomBuild Include="ElseSettings.h">
      <Filter>Header Files\Tab3</Filter>
    </CustomBuild>
    <CustomBuild Include="TableSettings.h">
      <Filter>Header Files\Tab3</Filter>
    </CustomBuild>
    <CustomBuild Include="SimpleWidget.h">
      <Filter>Header Files\Tab2</Filter>
    </CustomBuild>
    <CustomBuild Include="navigationbar.h">
      <Filter>Header Files\Tab1\NavigationBar</Filter>
    </CustomBuild>
    <CustomBuild Include="MenuWidget.h">
      <Filter>Header Files\Tab1\NavigationBar</Filter>
    </CustomBuild>
  </ItemGroup>
  <ItemGroup>
    <ClInclude Include="QCameraFrame.h">
      <Filter>Header Files\Tab1\ImageFrame</Filter>
    </ClInclude>
    <ClInclude Include="LoadDll.h">
      <Filter>Header Files</Filter>
    </ClInclude>
    <ClInclude Include="stdafx.h">
      <Filter>Header Files</Filter>
    </ClInclude>
  </ItemGroup>
</Project>